<?xml version="1.0" encoding="utf-8"?>
<Project ToolsVersion="4.0" xmlns="http://schemas.microsoft.com/developer/msbuild/2003">
  <ItemGroup>
    <ClCompile Include="..\missing\missing_impl.cpp">
      <Filter>CUSTOM</Filter>
    </ClCompile>
    <ClCompile Include="..\PDB\dbi\cbind.cpp">
      <Filter>PDB\DBI</Filter>
    </ClCompile>
    <ClCompile Include="..\PDB\dbi\dbi.cpp">
      <Filter>PDB\DBI</Filter>
    </ClCompile>
    <ClCompile Include="..\PDB\dbi\dbicommon.cpp">
      <Filter>PDB\DBI</Filter>
    </ClCompile>
    <ClCompile Include="..\PDB\dbi\dbipch.cpp">
      <Filter>PDB\DBI</Filter>
    </ClCompile>
    <ClCompile Include="..\PDB\dbi\gsi.cpp">
      <Filter>PDB\DBI</Filter>
    </ClCompile>
    <ClCompile Include="..\PDB\dbi\heap.cpp">
      <Filter>PDB\DBI</Filter>
    </ClCompile>
    <ClCompile Include="..\PDB\dbi\locator.cpp">
      <Filter>PDB\DBI</Filter>
    </ClCompile>
    <ClCompile Include="..\PDB\dbi\mli.cpp">
      <Filter>PDB\DBI</Filter>
    </ClCompile>
    <ClCompile Include="..\PDB\dbi\modcommon.cpp">
      <Filter>PDB\DBI</Filter>
    </ClCompile>
    <ClCompile Include="..\PDB\dbi\pdb.cpp">
      <Filter>PDB\DBI</Filter>
    </ClCompile>
    <ClCompile Include="..\PDB\dbi\pdbcommon.cpp">
      <Filter>PDB\DBI</Filter>
    </ClCompile>
    <ClCompile Include="..\PDB\dbi\pdbmain.cpp">
      <Filter>PDB\DBI</Filter>
    </ClCompile>
    <ClCompile Include="..\PDB\dbi\src.cpp">
      <Filter>PDB\DBI</Filter>
    </ClCompile>
    <ClCompile Include="..\PDB\dbi\stream.cpp">
      <Filter>PDB\DBI</Filter>
    </ClCompile>
    <ClCompile Include="..\PDB\dbi\tm.cpp">
      <Filter>PDB\DBI</Filter>
    </ClCompile>
    <ClCompile Include="..\PDB\dbi\tpi.cpp">
      <Filter>PDB\DBI</Filter>
    </ClCompile>
    <ClCompile Include="..\PDB\dbi\udtrefs.cpp">
      <Filter>PDB\DBI</Filter>
    </ClCompile>
    <ClCompile Include="..\PDB\msf\mapfile.cpp">
      <Filter>PDB\MSF</Filter>
    </ClCompile>
    <ClCompile Include="..\PDB\msf\msf.cpp">
      <Filter>PDB\MSF</Filter>
    </ClCompile>
    <ClCompile Include="..\pdbdump\pdbdump.cpp" />
  </ItemGroup>
  <ItemGroup>
    <Filter Include="CUSTOM">
      <UniqueIdentifier>{a0dcb0da-f29a-4f7f-b62e-15608ec65635}</UniqueIdentifier>
    </Filter>
    <Filter Include="PDB">
      <UniqueIdentifier>{aba313d8-6349-4021-bc83-2c0fd85e584f}</UniqueIdentifier>
    </Filter>
    <Filter Include="PDB\include">
      <UniqueIdentifier>{5f30ad0e-e2ed-4cc7-bf49-87522ceed350}</UniqueIdentifier>
    </Filter>
    <Filter Include="PDB\DBI">
      <UniqueIdentifier>{8c36b1ef-89dd-49b0-93f9-f7f74e52500b}</UniqueIdentifier>
    </Filter>
    <Filter Include="PDB\MSF">
      <UniqueIdentifier>{33f2501f-9eb5-4ca2-98aa-ff2a787f8cc1}</UniqueIdentifier>
    </Filter>
  </ItemGroup>
  <ItemGroup>
    <ClInclude Include="..\missing\missing_impl.h">
      <Filter>CUSTOM</Filter>
    </ClInclude>
    <ClInclude Include="..\PDB\include\array.h">
      <Filter>PDB\include</Filter>
    </ClInclude>
    <ClInclude Include="..\PDB\include\assert_.h">
      <Filter>PDB\include</Filter>
    </ClInclude>
    <ClInclude Include="..\PDB\include\buffer.h">
      <Filter>PDB\include</Filter>
    </ClInclude>
    <ClInclude Include="..\PDB\include\cbitvect.h">
      <Filter>PDB\include</Filter>
    </ClInclude>
    <ClInclude Include="..\PDB\include\critsec.h">
      <Filter>PDB\include</Filter>
    </ClInclude>
    <ClInclude Include="..\PDB\include\crtfubar.h">
      <Filter>PDB\include</Filter>
    </ClInclude>
    <ClInclude Include="..\PDB\include\crtwrap.h">
      <Filter>PDB\include</Filter>
    </ClInclude>
    <ClInclude Include="..\PDB\include\cvhelper.h">
      <Filter>PDB\include</Filter>
    </ClInclude>
    <ClInclude Include="..\PDB\include\cvlines.h">
      <Filter>PDB\include</Filter>
    </ClInclude>
    <ClInclude Include="..\PDB\include\dbicommon.h">
      <Filter>PDB\include</Filter>
    </ClInclude>
    <ClInclude Include="..\PDB\include\enum.h">
      <Filter>PDB\include</Filter>
    </ClInclude>
    <ClInclude Include="..\PDB\include\gsicommon.h">
      <Filter>PDB\include</Filter>
    </ClInclude>
    <ClInclude Include="..\PDB\include\indbuf.h">
      <Filter>PDB\include</Filter>
    </ClInclude>
    <ClInclude Include="..\PDB\include\iset.h">
      <Filter>PDB\include</Filter>
    </ClInclude>
    <ClInclude Include="..\PDB\include\map.h">
      <Filter>PDB\include</Filter>
    </ClInclude>
    <ClInclude Include="..\PDB\include\mapfile.h">
      <Filter>PDB\include</Filter>
    </ClInclude>
    <ClInclude Include="..\PDB\include\mdalign.h">
      <Filter>PDB\include</Filter>
    </ClInclude>
    <ClInclude Include="..\PDB\include\misc.h">
      <Filter>PDB\include</Filter>
    </ClInclude>
    <ClInclude Include="..\PDB\include\modcommon.h">
      <Filter>PDB\include</Filter>
    </ClInclude>
    <ClInclude Include="..\PDB\include\mrcommon.h">
      <Filter>PDB\include</Filter>
    </ClInclude>
    <ClInclude Include="..\PDB\include\msf.h">
      <Filter>PDB\include</Filter>
    </ClInclude>
    <ClInclude Include="..\PDB\include\mts.h">
      <Filter>PDB\include</Filter>
    </ClInclude>
    <ClInclude Include="..\PDB\include\nmt.h">
      <Filter>PDB\include</Filter>
    </ClInclude>
    <ClInclude Include="..\PDB\include\nmtni.h">
      <Filter>PDB\include</Filter>
    </ClInclude>
    <ClInclude Include="..\PDB\include\objfile.h">
      <Filter>PDB\include</Filter>
    </ClInclude>
    <ClInclude Include="..\PDB\include\output.h">
      <Filter>PDB\include</Filter>
    </ClInclude>
    <ClInclude Include="..\PDB\include\pdbcommon.h">
      <Filter>PDB\include</Filter>
    </ClInclude>
    <ClInclude Include="..\PDB\include\pdbguid.h">
      <Filter>PDB\include</Filter>
    </ClInclude>
    <ClInclude Include="..\PDB\include\pdbheap.h">
      <Filter>PDB\include</Filter>
    </ClInclude>
    <ClInclude Include="..\PDB\include\pdbimpl.h">
      <Filter>PDB\include</Filter>
    </ClInclude>
    <ClInclude Include="..\PDB\include\pdblog.h">
      <Filter>PDB\include</Filter>
    </ClInclude>
    <ClInclude Include="..\PDB\include\pdbtypdefs.h">
      <Filter>PDB\include</Filter>
    </ClInclude>
    <ClInclude Include="..\PDB\include\pdbver.h">
      <Filter>PDB\include</Filter>
    </ClInclude>
    <ClInclude Include="..\PDB\include\pool.h">
      <Filter>PDB\include</Filter>
    </ClInclude>
    <ClInclude Include="..\PDB\include\poolcpy.h">
      <Filter>PDB\include</Filter>
    </ClInclude>
    <ClInclude Include="..\PDB\include\ptr.h">
      <Filter>PDB\include</Filter>
    </ClInclude>
    <ClInclude Include="..\PDB\include\set.h">
      <Filter>PDB\include</Filter>
    </ClInclude>
    <ClInclude Include="..\PDB\include\srccommon.h">
      <Filter>PDB\include</Filter>
    </ClInclude>
    <ClInclude Include="..\PDB\include\srcimpl.h">
      <Filter>PDB\include</Filter>
    </ClInclude>
    <ClInclude Include="..\PDB\include\StrConvBuf.h">
      <Filter>PDB\include</Filter>
    </ClInclude>
    <ClInclude Include="..\PDB\include\symtypeutils.h">
      <Filter>PDB\include</Filter>
    </ClInclude>
    <ClInclude Include="..\PDB\include\syncro.h">
      <Filter>PDB\include</Filter>
    </ClInclude>
    <ClInclude Include="..\PDB\include\SysPage.h">
      <Filter>PDB\include</Filter>
    </ClInclude>
    <ClInclude Include="..\PDB\include\szcanon.h">
      <Filter>PDB\include</Filter>
    </ClInclude>
    <ClInclude Include="..\PDB\include\szst.h">
      <Filter>PDB\include</Filter>
    </ClInclude>
    <ClInclude Include="..\PDB\include\trace.h">
      <Filter>PDB\include</Filter>
    </ClInclude>
    <ClInclude Include="..\PDB\include\two.h">
      <Filter>PDB\include</Filter>
    </ClInclude>
    <ClInclude Include="..\PDB\include\utf8.h">
      <Filter>PDB\include</Filter>
    </ClInclude>
    <ClInclude Include="..\PDB\include\xheap.h">
      <Filter>PDB\include</Filter>
    </ClInclude>
    <ClInclude Include="..\PDB\dbi\dbi.h">
      <Filter>PDB\DBI</Filter>
    </ClInclude>
    <ClInclude Include="..\PDB\dbi\dbiimpl.h">
      <Filter>PDB\DBI</Filter>
    </ClInclude>
    <ClInclude Include="..\PDB\dbi\gsi.h">
      <Filter>PDB\DBI</Filter>
    </ClInclude>
    <ClInclude Include="..\PDB\dbi\locator.h">
      <Filter>PDB\DBI</Filter>
    </ClInclude>
    <ClInclude Include="..\PDB\dbi\mli.h">
      <Filter>PDB\DBI</Filter>
    </ClInclude>
    <ClInclude Include="..\PDB\dbi\pdb1.h">
      <Filter>PDB\DBI</Filter>
    </ClInclude>
    <ClInclude Include="..\PDB\dbi\stream.h">
      <Filter>PDB\DBI</Filter>
    </ClInclude>
    <ClInclude Include="..\PDB\dbi\tm.h">
      <Filter>PDB\DBI</Filter>
    </ClInclude>
    <ClInclude Include="..\PDB\dbi\tpi.h">
      <Filter>PDB\DBI</Filter>
    </ClInclude>
    <ClInclude Include="..\PDB\dbi\udtrefs.h">
      <Filter>PDB\DBI</Filter>
    </ClInclude>
    <ClInclude Include="..\PDB\dbi\util.h">
      <Filter>PDB\DBI</Filter>
    </ClInclude>
    <ClInclude Include="..\PDB\msf\istream.h">
      <Filter>PDB\MSF</Filter>
    </ClInclude>
  </ItemGroup>
  <ItemGroup>
    <None Include="..\PDB\dbi\def.dat">
      <Filter>PDB\DBI</Filter>
    </None>
  </ItemGroup>
</Project>